
Microsoft Visual Studio Solution File, Format Version 12.00
# Visual Studio Version 16
VisualStudioVersion = 16.0.30717.126
MinimumVisualStudioVersion = 10.0.40219.1
Project("{FAE04EC0-301F-11D3-BF4B-00C04F79EFBC}") = "2.PassDataFromControllerToView", "2.PassDataFromControllerToView.csproj", "{FE5C2C3F-58DF-4B35-AA86-8DAAB27F8BC4}"
EndProject
Global
	GlobalSection(SolutionConfigurationPlatforms) = preSolution
		Debug|Any CPU = Debug|Any CPU
		Release|Any CPU = Release|Any CPU
	EndGlobalSection
	GlobalSection(ProjectConfigurationPlatforms) = postSolution
		{FE5C2C3F-58DF-4B35-AA86-8DAAB27F8BC4}.Debug|Any CPU.ActiveCfg = Debug|Any CPU
		{FE5C2C3F-58DF-4B35-AA86-8DAAB27F8BC4}.Debug|Any CPU.Build.0 = Debug|Any CPU
		{FE5C2C3F-58DF-4B35-AA86-8DAAB27F8BC4}.Release|Any CPU.ActiveCfg = Release|Any CPU
		{FE5C2C3F-58DF-4B35-AA86-8DAAB27F8BC4}.Release|Any CPU.Build.0 = Release|Any CPU
	EndGlobalSection
	GlobalSection(SolutionProperties) = preSolution
		HideSolutionNode = FALSE
	EndGlobalSection
	GlobalSection(ExtensibilityGlobals) = postSolution
		SolutionGuid = {226C4DFC-C48C-4B32-9F56-91BFA03C0A51}
	EndGlobalSection
EndGlobal
